
Microsoft Visual Studio Solution File, Format Version 12.00
# Visual Studio Version 17
VisualStudioVersion = 17.1.32328.378
MinimumVisualStudioVersion = 10.0.40219.1
Project("{FAE04EC0-301F-11D3-BF4B-00C04F79EFBC}") = "WORKSHOP_1", "WORKSHOP_1.csproj", "{5DF56095-B53F-4562-9435-9E6C5895D815}"
EndProject
Global
	GlobalSection(SolutionConfigurationPlatforms) = preSolution
		Debug|Any CPU = Debug|Any CPU
		Release|Any CPU = Release|Any CPU
	EndGlobalSection
	GlobalSection(ProjectConfigurationPlatforms) = postSolution
		{5DF56095-B53F-4562-9435-9E6C5895D815}.Debug|Any CPU.ActiveCfg = Debug|Any CPU
		{5DF56095-B53F-4562-9435-9E6C5895D815}.Debug|Any CPU.Build.0 = Debug|Any CPU
		{5DF56095-B53F-4562-9435-9E6C5895D815}.Release|Any CPU.ActiveCfg = Release|Any CPU
		{5DF56095-B53F-4562-9435-9E6C5895D815}.Release|Any CPU.Build.0 = Release|Any CPU
	EndGlobalSection
	GlobalSection(SolutionProperties) = preSolution
		HideSolutionNode = FALSE
	EndGlobalSection
	GlobalSection(ExtensibilityGlobals) = postSolution
		SolutionGuid = {6983332A-67E8-4CF4-B877-FACA09D27161}
	EndGlobalSection
EndGlobal
